Microsoft Visual Studio Solution File, Format Version 11.00
# Visual Studio 2008

Project("{CF855302-00A1-6A36-3156-FB230BC46295}") = "FlyingFluff2D_ver0.3", "Assembly-CSharp.csproj", "{74E8259B-7904-393E-BDD8-0D9C26B7494E}"
EndProject
Global
	GlobalSection(SolutionConfigurationPlatforms) = preSolution
		Debug|Any CPU = Debug|Any CPU
		Release|Any CPU = Release|Any CPU
	EndGlobalSection
	GlobalSection(ProjectConfigurationPlatforms) = postSolution
		{74E8259B-7904-393E-BDD8-0D9C26B7494E}.Debug|Any CPU.ActiveCfg = Debug|Any CPU
		{74E8259B-7904-393E-BDD8-0D9C26B7494E}.Debug|Any CPU.Build.0 = Debug|Any CPU
		{74E8259B-7904-393E-BDD8-0D9C26B7494E}.Release|Any CPU.ActiveCfg = Release|Any CPU
		{74E8259B-7904-393E-BDD8-0D9C26B7494E}.Release|Any CPU.Build.0 = Release|Any CPU
	EndGlobalSection
	GlobalSection(SolutionProperties) = preSolution
		HideSolutionNode = FALSE
	EndGlobalSection
	GlobalSection(MonoDevelopProperties) = preSolution
		StartupItem = Assembly-CSharp.csproj
	EndGlobalSection
EndGlobal
