Microsoft Visual Studio Solution File, Format Version 11.00
# Visual Studio 2008

Project("{A878DE5A-CC2B-A8E5-F3BE-EFC5EFDF2B1F}") = "FlyingFluff2D_ver0.6", "Assembly-CSharp.csproj", "{35D14CD8-9B0D-38F1-E7BB-21AD777C7EBD}"
EndProject
Global
	GlobalSection(SolutionConfigurationPlatforms) = preSolution
		Debug|Any CPU = Debug|Any CPU
		Release|Any CPU = Release|Any CPU
	EndGlobalSection
	GlobalSection(ProjectConfigurationPlatforms) = postSolution
		{35D14CD8-9B0D-38F1-E7BB-21AD777C7EBD}.Debug|Any CPU.ActiveCfg = Debug|Any CPU
		{35D14CD8-9B0D-38F1-E7BB-21AD777C7EBD}.Debug|Any CPU.Build.0 = Debug|Any CPU
		{35D14CD8-9B0D-38F1-E7BB-21AD777C7EBD}.Release|Any CPU.ActiveCfg = Release|Any CPU
		{35D14CD8-9B0D-38F1-E7BB-21AD777C7EBD}.Release|Any CPU.Build.0 = Release|Any CPU
	EndGlobalSection
	GlobalSection(SolutionProperties) = preSolution
		HideSolutionNode = FALSE
	EndGlobalSection
	GlobalSection(MonoDevelopProperties) = preSolution
		StartupItem = Assembly-CSharp.csproj
	EndGlobalSection
EndGlobal
