Microsoft Visual Studio Solution File, Format Version 11.00
# Visual Studio 2008

Project("{8226BE03-4F39-CD80-2940-5A1D565C6108}") = "FlyingFluff2D_ver0.4", "Assembly-CSharp.csproj", "{E3AB85B5-C0D4-CB86-3356-6EA927C5F2BC}"
EndProject
Global
	GlobalSection(SolutionConfigurationPlatforms) = preSolution
		Debug|Any CPU = Debug|Any CPU
		Release|Any CPU = Release|Any CPU
	EndGlobalSection
	GlobalSection(ProjectConfigurationPlatforms) = postSolution
		{E3AB85B5-C0D4-CB86-3356-6EA927C5F2BC}.Debug|Any CPU.ActiveCfg = Debug|Any CPU
		{E3AB85B5-C0D4-CB86-3356-6EA927C5F2BC}.Debug|Any CPU.Build.0 = Debug|Any CPU
		{E3AB85B5-C0D4-CB86-3356-6EA927C5F2BC}.Release|Any CPU.ActiveCfg = Release|Any CPU
		{E3AB85B5-C0D4-CB86-3356-6EA927C5F2BC}.Release|Any CPU.Build.0 = Release|Any CPU
	EndGlobalSection
	GlobalSection(SolutionProperties) = preSolution
		HideSolutionNode = FALSE
	EndGlobalSection
	GlobalSection(MonoDevelopProperties) = preSolution
		StartupItem = Assembly-CSharp.csproj
	EndGlobalSection
EndGlobal
